{
  "name": "capacitor-app",
  "version": "1.0.0",
  "lockfileVersion": 2,
  "requires": true,
  "packages": {
    "": {
      "name": "capacitor-app",
      "version": "1.0.0",
      "dependencies": {
        "@capacitor-community/background-geolocation": "../",
        "@capacitor/android": "^4.0.0",
        "@capacitor/cli": "^4.0.0",
        "@capacitor/core": "^4.0.0",
        "@capacitor/ios": "^4.0.0"
      },
      "devDependencies": {}
    },
    "..": {
      "name": "@capacitor-community/background-geolocation",
      "version": "1.2.2",
      "license": "MIT",
      "devDependencies": {
        "@capacitor/android": "^4.0.0",
        "@capacitor/core": "^4.0.0",
        "@capacitor/ios": "^4.0.0"
      },
      "peerDependencies": {
        "@capacitor/core": ">=3.0.0"
      }
    },
    "../node_modules/@capacitor/android": {
      "version": "4.0.1",
      "dev": true,
      "license": "MIT",
      "peerDependencies": {
        "@capacitor/core": "^4.0.0"
      }
    },
    "../node_modules/@capacitor/core": {
      "version": "4.0.1",
      "dev": true,
      "license": "MIT",
      "dependencies": {
        "tslib": "^2.1.0"
      }
    },
    "../node_modules/@capacitor/ios": {
      "version": "4.0.1",
      "dev": true,
      "license": "MIT",
      "peerDependencies": {
        "@capacitor/core": "^4.0.0"
      }
    },
    "../node_modules/tslib": {
      "version": "2.3.1",
      "dev": true,
      "license": "0BSD"
    },
    "node_modules/@capacitor-community/background-geolocation": {
      "resolved": "..",
      "link": true
    },
    "node_modules/@capacitor/android": {
      "version": "4.0.1",
      "resolved": "https://registry.npmjs.org/@capacitor/android/-/android-4.0.1.tgz",
      "integrity": "sha512-JXToVdVYe4icOcPG8GOIiRoGSu3zQcZW965o2HUxWC0vQF3Xh0/ntbNL/J1Vf7HODyUkiRnozvzDzn6nWoVQEQ==",
      "peerDependencies": {
        "@capacitor/core": "^4.0.0"
      }
    },
    "node_modules/@capacitor/cli": {
      "version": "4.0.1",
      "license": "MIT",
      "dependencies": {
        "@ionic/cli-framework-output": "^2.2.5",
        "@ionic/utils-fs": "^3.1.6",
        "@ionic/utils-subprocess": "^2.1.11",
        "@ionic/utils-terminal": "^2.3.3",
        "commander": "^9.3.0",
        "debug": "^4.3.4",
        "env-paths": "^2.2.0",
        "kleur": "^4.1.4",
        "native-run": "^1.6.0",
        "open": "^8.4.0",
        "plist": "^3.0.5",
        "prompts": "^2.4.2",
        "rimraf": "^3.0.2",
        "semver": "^7.3.7",
        "tar": "^6.1.11",
        "tslib": "^2.4.0",
        "xml2js": "^0.4.23"
      },
      "bin": {
        "cap": "bin/capacitor",
        "capacitor": "bin/capacitor"
      },
      "engines": {
        "node": ">=12.4.0"
      }
    },
    "node_modules/@capacitor/core": {
      "version": "4.0.1",
      "resolved": "https://registry.npmjs.org/@capacitor/core/-/core-4.0.1.tgz",
      "integrity": "sha512-gita0j7UPoGyHejAUsrW1OrkyDSp7gfHn45fkeQclHRSz7UWLF4hqE1R/6INsVmIFu/amIApxfHed8h3m/Fm7g==",
      "dependencies": {
        "tslib": "^2.1.0"
      }
    },
    "node_modules/@capacitor/ios": {
      "version": "4.0.1",
      "resolved": "https://registry.npmjs.org/@capacitor/ios/-/ios-4.0.1.tgz",
      "integrity": "sha512-46qigDiPKHXxihSSjXDIbuF8/1O9xWVgMzJpEFJhhhav+vHy6/SDc2liKLhmqCwH2OzZGxk+IlSGlkc4Oyorkw==",
      "peerDependencies": {
        "@capacitor/core": "^4.0.0"
      }
    },
    "node_modules/@ionic/cli-framework-output": {
      "version": "2.2.5",
      "license": "MIT",
      "dependencies": {
        "@ionic/utils-terminal": "2.3.3",
        "debug": "^4.0.0",
        "tslib": "^2.0.1"
      },
      "engines": {
        "node": ">=10.3.0"
      }
    },
    "node_modules/@ionic/utils-array": {
      "version": "2.1.5",
      "license": "MIT",
      "dependencies": {
        "debug": "^4.0.0",
        "tslib": "^2.0.1"
      },
      "engines": {
        "node": ">=10.3.0"
      }
    },
    "node_modules/@ionic/utils-fs": {
      "version": "3.1.6",
      "license": "MIT",
      "dependencies": {
        "@types/fs-extra": "^8.0.0",
        "debug": "^4.0.0",
        "fs-extra": "^9.0.0",
        "tslib": "^2.0.1"
      },
      "engines": {
        "node": ">=10.3.0"
      }
    },
    "node_modules/@ionic/utils-object": {
      "version": "2.1.5",
      "license": "MIT",
      "dependencies": {
        "debug": "^4.0.0",
        "tslib": "^2.0.1"
      },
      "engines": {
        "node": ">=10.3.0"
      }
    },
    "node_modules/@ionic/utils-process": {
      "version": "2.1.10",
      "license": "MIT",
      "dependencies": {
        "@ionic/utils-object": "2.1.5",
        "@ionic/utils-terminal": "2.3.3",
        "debug": "^4.0.0",
        "signal-exit": "^3.0.3",
        "tree-kill": "^1.2.2",
        "tslib": "^2.0.1"
      },
      "engines": {
        "node": ">=10.3.0"
      }
    },
    "node_modules/@ionic/utils-stream": {
      "version": "3.1.5",
      "license": "MIT",
      "dependencies": {
        "debug": "^4.0.0",
        "tslib": "^2.0.1"
      },
      "engines": {
        "node": ">=10.3.0"
      }
    },
    "node_modules/@ionic/utils-subprocess": {
      "version": "2.1.11",
      "license": "MIT",
      "dependencies": {
        "@ionic/utils-array": "2.1.5",
        "@ionic/utils-fs": "3.1.6",
        "@ionic/utils-process": "2.1.10",
        "@ionic/utils-stream": "3.1.5",
        "@ionic/utils-terminal": "2.3.3",
        "cross-spawn": "^7.0.3",
        "debug": "^4.0.0",
        "tslib": "^2.0.1"
      },
      "engines": {
        "node": ">=10.3.0"
      }
    },
    "node_modules/@ionic/utils-terminal": {
      "version": "2.3.3",
      "license": "MIT",
      "dependencies": {
        "@types/slice-ansi": "^4.0.0",
        "debug": "^4.0.0",
        "signal-exit": "^3.0.3",
        "slice-ansi": "^4.0.0",
        "string-width": "^4.1.0",
        "strip-ansi": "^6.0.0",
        "tslib": "^2.0.1",
        "untildify": "^4.0.0",
        "wrap-ansi": "^7.0.0"
      },
      "engines": {
        "node": ">=10.3.0"
      }
    },
    "node_modules/@types/fs-extra": {
      "version": "8.1.2",
      "license": "MIT",
      "dependencies": {
        "@types/node": "*"
      }
    },
    "node_modules/@types/node": {
      "version": "18.6.4",
      "license": "MIT"
    },
    "node_modules/@types/slice-ansi": {
      "version": "4.0.0",
      "license": "MIT"
    },
    "node_modules/ansi-regex": {
      "version": "5.0.1",
      "license": "MIT",
      "engines": {
        "node": ">=8"
      }
    },
    "node_modules/ansi-styles": {
      "version": "4.3.0",
      "license": "MIT",
      "dependencies": {
        "color-convert": "^2.0.1"
      },
      "engines": {
        "node": ">=8"
      },
      "funding": {
        "url": "https://github.com/chalk/ansi-styles?sponsor=1"
      }
    },
    "node_modules/astral-regex": {
      "version": "2.0.0",
      "license": "MIT",
      "engines": {
        "node": ">=8"
      }
    },
    "node_modules/at-least-node": {
      "version": "1.0.0",
      "license": "ISC",
      "engines": {
        "node": ">= 4.0.0"
      }
    },
    "node_modules/balanced-match": {
      "version": "1.0.2",
      "license": "MIT"
    },
    "node_modules/base64-js": {
      "version": "1.5.1",
      "funding": [
        {
          "type": "github",
          "url": "https://github.com/sponsors/feross"
        },
        {
          "type": "patreon",
          "url": "https://www.patreon.com/feross"
        },
        {
          "type": "consulting",
          "url": "https://feross.org/support"
        }
      ],
      "license": "MIT"
    },
    "node_modules/big-integer": {
      "version": "1.6.51",
      "license": "Unlicense",
      "engines": {
        "node": ">=0.6"
      }
    },
    "node_modules/bplist-parser": {
      "version": "0.3.2",
      "license": "MIT",
      "dependencies": {
        "big-integer": "1.6.x"
      },
      "engines": {
        "node": ">= 5.10.0"
      }
    },
    "node_modules/brace-expansion": {
      "version": "1.1.11",
      "license": "MIT",
      "dependencies": {
        "balanced-match": "^1.0.0",
        "concat-map": "0.0.1"
      }
    },
    "node_modules/buffer-crc32": {
      "version": "0.2.13",
      "license": "MIT",
      "engines": {
        "node": "*"
      }
    },
    "node_modules/chownr": {
      "version": "2.0.0",
      "license": "ISC",
      "engines": {
        "node": ">=10"
      }
    },
    "node_modules/color-convert": {
      "version": "2.0.1",
      "license": "MIT",
      "dependencies": {
        "color-name": "~1.1.4"
      },
      "engines": {
        "node": ">=7.0.0"
      }
    },
    "node_modules/color-name": {
      "version": "1.1.4",
      "license": "MIT"
    },
    "node_modules/commander": {
      "version": "9.4.0",
      "license": "MIT",
      "engines": {
        "node": "^12.20.0 || >=14"
      }
    },
    "node_modules/concat-map": {
      "version": "0.0.1",
      "license": "MIT"
    },
    "node_modules/cross-spawn": {
      "version": "7.0.3",
      "license": "MIT",
      "dependencies": {
        "path-key": "^3.1.0",
        "shebang-command": "^2.0.0",
        "which": "^2.0.1"
      },
      "engines": {
        "node": ">= 8"
      }
    },
    "node_modules/debug": {
      "version": "4.3.4",
      "license": "MIT",
      "dependencies": {
        "ms": "2.1.2"
      },
      "engines": {
        "node": ">=6.0"
      },
      "peerDependenciesMeta": {
        "supports-color": {
          "optional": true
        }
      }
    },
    "node_modules/define-lazy-prop": {
      "version": "2.0.0",
      "license": "MIT",
      "engines": {
        "node": ">=8"
      }
    },
    "node_modules/elementtree": {
      "version": "0.1.7",
      "license": "Apache-2.0",
      "dependencies": {
        "sax": "1.1.4"
      },
      "engines": {
        "node": ">= 0.4.0"
      }
    },
    "node_modules/emoji-regex": {
      "version": "8.0.0",
      "license": "MIT"
    },
    "node_modules/env-paths": {
      "version": "2.2.1",
      "license": "MIT",
      "engines": {
        "node": ">=6"
      }
    },
    "node_modules/fd-slicer": {
      "version": "1.1.0",
      "license": "MIT",
      "dependencies": {
        "pend": "~1.2.0"
      }
    },
    "node_modules/fs-extra": {
      "version": "9.1.0",
      "license": "MIT",
      "dependencies": {
        "at-least-node": "^1.0.0",
        "graceful-fs": "^4.2.0",
        "jsonfile": "^6.0.1",
        "universalify": "^2.0.0"
      },
      "engines": {
        "node": ">=10"
      }
    },
    "node_modules/fs-minipass": {
      "version": "2.1.0",
      "license": "ISC",
      "dependencies": {
        "minipass": "^3.0.0"
      },
      "engines": {
        "node": ">= 8"
      }
    },
    "node_modules/fs.realpath": {
      "version": "1.0.0",
      "license": "ISC"
    },
    "node_modules/glob": {
      "version": "7.2.3",
      "license": "ISC",
      "dependencies": {
        "fs.realpath": "^1.0.0",
        "inflight": "^1.0.4",
        "inherits": "2",
        "minimatch": "^3.1.1",
        "once": "^1.3.0",
        "path-is-absolute": "^1.0.0"
      },
      "engines": {
        "node": "*"
      },
      "funding": {
        "url": "https://github.com/sponsors/isaacs"
      }
    },
    "node_modules/graceful-fs": {
      "version": "4.2.10",
      "license": "ISC"
    },
    "node_modules/inflight": {
      "version": "1.0.6",
      "license": "ISC",
      "dependencies": {
        "once": "^1.3.0",
        "wrappy": "1"
      }
    },
    "node_modules/inherits": {
      "version": "2.0.4",
      "license": "ISC"
    },
    "node_modules/ini": {
      "version": "1.3.8",
      "license": "ISC"
    },
    "node_modules/is-docker": {
      "version": "2.2.1",
      "license": "MIT",
      "bin": {
        "is-docker": "cli.js"
      },
      "engines": {
        "node": ">=8"
      },
      "funding": {
        "url": "https://github.com/sponsors/sindresorhus"
      }
    },
    "node_modules/is-fullwidth-code-point": {
      "version": "3.0.0",
      "license": "MIT",
      "engines": {
        "node": ">=8"
      }
    },
    "node_modules/is-wsl": {
      "version": "2.2.0",
      "license": "MIT",
      "dependencies": {
        "is-docker": "^2.0.0"
      },
      "engines": {
        "node": ">=8"
      }
    },
    "node_modules/isexe": {
      "version": "2.0.0",
      "license": "ISC"
    },
    "node_modules/jsonfile": {
      "version": "6.1.0",
      "license": "MIT",
      "dependencies": {
        "universalify": "^2.0.0"
      },
      "optionalDependencies": {
        "graceful-fs": "^4.1.6"
      }
    },
    "node_modules/kleur": {
      "version": "4.1.4",
      "license": "MIT",
      "engines": {
        "node": ">=6"
      }
    },
    "node_modules/lru-cache": {
      "version": "6.0.0",
      "license": "ISC",
      "dependencies": {
        "yallist": "^4.0.0"
      },
      "engines": {
        "node": ">=10"
      }
    },
    "node_modules/minimatch": {
      "version": "3.1.2",
      "license": "ISC",
      "dependencies": {
        "brace-expansion": "^1.1.7"
      },
      "engines": {
        "node": "*"
      }
    },
    "node_modules/minipass": {
      "version": "3.1.5",
      "license": "ISC",
      "dependencies": {
        "yallist": "^4.0.0"
      },
      "engines": {
        "node": ">=8"
      }
    },
    "node_modules/minizlib": {
      "version": "2.1.2",
      "license": "MIT",
      "dependencies": {
        "minipass": "^3.0.0",
        "yallist": "^4.0.0"
      },
      "engines": {
        "node": ">= 8"
      }
    },
    "node_modules/mkdirp": {
      "version": "1.0.4",
      "license": "MIT",
      "bin": {
        "mkdirp": "bin/cmd.js"
      },
      "engines": {
        "node": ">=10"
      }
    },
    "node_modules/ms": {
      "version": "2.1.2",
      "license": "MIT"
    },
    "node_modules/native-run": {
      "version": "1.6.0",
      "license": "MIT",
      "dependencies": {
        "@ionic/utils-fs": "^3.1.5",
        "@ionic/utils-terminal": "^2.3.1",
        "bplist-parser": "^0.3.0",
        "debug": "^4.3.2",
        "elementtree": "^0.1.7",
        "ini": "^1.3.5",
        "plist": "^3.0.4",
        "split2": "^3.2.2",
        "through2": "^4.0.2",
        "tslib": "^2.3.1",
        "yauzl": "^2.10.0"
      },
      "bin": {
        "native-run": "bin/native-run"
      },
      "engines": {
        "node": ">=10.3.0"
      }
    },
    "node_modules/once": {
      "version": "1.4.0",
      "license": "ISC",
      "dependencies": {
        "wrappy": "1"
      }
    },
    "node_modules/open": {
      "version": "8.4.0",
      "license": "MIT",
      "dependencies": {
        "define-lazy-prop": "^2.0.0",
        "is-docker": "^2.1.1",
        "is-wsl": "^2.2.0"
      },
      "engines": {
        "node": ">=12"
      },
      "funding": {
        "url": "https://github.com/sponsors/sindresorhus"
      }
    },
    "node_modules/path-is-absolute": {
      "version": "1.0.1",
      "license": "MIT",
      "engines": {
        "node": ">=0.10.0"
      }
    },
    "node_modules/path-key": {
      "version": "3.1.1",
      "license": "MIT",
      "engines": {
        "node": ">=8"
      }
    },
    "node_modules/pend": {
      "version": "1.2.0",
      "license": "MIT"
    },
    "node_modules/plist": {
      "version": "3.0.6",
      "license": "MIT",
      "dependencies": {
        "base64-js": "^1.5.1",
        "xmlbuilder": "^15.1.1"
      },
      "engines": {
        "node": ">=6"
      }
    },
    "node_modules/prompts": {
      "version": "2.4.2",
      "license": "MIT",
      "dependencies": {
        "kleur": "^3.0.3",
        "sisteransi": "^1.0.5"
      },
      "engines": {
        "node": ">= 6"
      }
    },
    "node_modules/prompts/node_modules/kleur": {
      "version": "3.0.3",
      "license": "MIT",
      "engines": {
        "node": ">=6"
      }
    },
    "node_modules/readable-stream": {
      "version": "3.6.0",
      "license": "MIT",
      "dependencies": {
        "inherits": "^2.0.3",
        "string_decoder": "^1.1.1",
        "util-deprecate": "^1.0.1"
      },
      "engines": {
        "node": ">= 6"
      }
    },
    "node_modules/rimraf": {
      "version": "3.0.2",
      "license": "ISC",
      "dependencies": {
        "glob": "^7.1.3"
      },
      "bin": {
        "rimraf": "bin.js"
      },
      "funding": {
        "url": "https://github.com/sponsors/isaacs"
      }
    },
    "node_modules/safe-buffer": {
      "version": "5.2.1",
      "funding": [
        {
          "type": "github",
          "url": "https://github.com/sponsors/feross"
        },
        {
          "type": "patreon",
          "url": "https://www.patreon.com/feross"
        },
        {
          "type": "consulting",
          "url": "https://feross.org/support"
        }
      ],
      "license": "MIT"
    },
    "node_modules/sax": {
      "version": "1.1.4",
      "license": "ISC"
    },
    "node_modules/semver": {
      "version": "7.3.7",
      "license": "ISC",
      "dependencies": {
        "lru-cache": "^6.0.0"
      },
      "bin": {
        "semver": "bin/semver.js"
      },
      "engines": {
        "node": ">=10"
      }
    },
    "node_modules/shebang-command": {
      "version": "2.0.0",
      "license": "MIT",
      "dependencies": {
        "shebang-regex": "^3.0.0"
      },
      "engines": {
        "node": ">=8"
      }
    },
    "node_modules/shebang-regex": {
      "version": "3.0.0",
      "license": "MIT",
      "engines": {
        "node": ">=8"
      }
    },
    "node_modules/signal-exit": {
      "version": "3.0.7",
      "license": "ISC"
    },
    "node_modules/sisteransi": {
      "version": "1.0.5",
      "license": "MIT"
    },
    "node_modules/slice-ansi": {
      "version": "4.0.0",
      "license": "MIT",
      "dependencies": {
        "ansi-styles": "^4.0.0",
        "astral-regex": "^2.0.0",
        "is-fullwidth-code-point": "^3.0.0"
      },
      "engines": {
        "node": ">=10"
      },
      "funding": {
        "url": "https://github.com/chalk/slice-ansi?sponsor=1"
      }
    },
    "node_modules/split2": {
      "version": "3.2.2",
      "license": "ISC",
      "dependencies": {
        "readable-stream": "^3.0.0"
      }
    },
    "node_modules/string_decoder": {
      "version": "1.3.0",
      "license": "MIT",
      "dependencies": {
        "safe-buffer": "~5.2.0"
      }
    },
    "node_modules/string-width": {
      "version": "4.2.3",
      "license": "MIT",
      "dependencies": {
        "emoji-regex": "^8.0.0",
        "is-fullwidth-code-point": "^3.0.0",
        "strip-ansi": "^6.0.1"
      },
      "engines": {
        "node": ">=8"
      }
    },
    "node_modules/strip-ansi": {
      "version": "6.0.1",
      "license": "MIT",
      "dependencies": {
        "ansi-regex": "^5.0.1"
      },
      "engines": {
        "node": ">=8"
      }
    },
    "node_modules/tar": {
      "version": "6.1.11",
      "license": "ISC",
      "dependencies": {
        "chownr": "^2.0.0",
        "fs-minipass": "^2.0.0",
        "minipass": "^3.0.0",
        "minizlib": "^2.1.1",
        "mkdirp": "^1.0.3",
        "yallist": "^4.0.0"
      },
      "engines": {
        "node": ">= 10"
      }
    },
    "node_modules/through2": {
      "version": "4.0.2",
      "license": "MIT",
      "dependencies": {
        "readable-stream": "3"
      }
    },
    "node_modules/tree-kill": {
      "version": "1.2.2",
      "license": "MIT",
      "bin": {
        "tree-kill": "cli.js"
      }
    },
    "node_modules/tslib": {
      "version": "2.4.0",
      "license": "0BSD"
    },
    "node_modules/universalify": {
      "version": "2.0.0",
      "license": "MIT",
      "engines": {
        "node": ">= 10.0.0"
      }
    },
    "node_modules/untildify": {
      "version": "4.0.0",
      "license": "MIT",
      "engines": {
        "node": ">=8"
      }
    },
    "node_modules/util-deprecate": {
      "version": "1.0.2",
      "license": "MIT"
    },
    "node_modules/which": {
      "version": "2.0.2",
      "license": "ISC",
      "dependencies": {
        "isexe": "^2.0.0"
      },
      "bin": {
        "node-which": "bin/node-which"
      },
      "engines": {
        "node": ">= 8"
      }
    },
    "node_modules/wrap-ansi": {
      "version": "7.0.0",
      "license": "MIT",
      "dependencies": {
        "ansi-styles": "^4.0.0",
        "string-width": "^4.1.0",
        "strip-ansi": "^6.0.0"
      },
      "engines": {
        "node": ">=10"
      },
      "funding": {
        "url": "https://github.com/chalk/wrap-ansi?sponsor=1"
      }
    },
    "node_modules/wrappy": {
      "version": "1.0.2",
      "license": "ISC"
    },
    "node_modules/xml2js": {
      "version": "0.4.23",
      "license": "MIT",
      "dependencies": {
        "sax": ">=0.6.0",
        "xmlbuilder": "~11.0.0"
      },
      "engines": {
        "node": ">=4.0.0"
      }
    },
    "node_modules/xml2js/node_modules/xmlbuilder": {
      "version": "11.0.1",
      "license": "MIT",
      "engines": {
        "node": ">=4.0"
      }
    },
    "node_modules/xmlbuilder": {
      "version": "15.1.1",
      "license": "MIT",
      "engines": {
        "node": ">=8.0"
      }
    },
    "node_modules/yallist": {
      "version": "4.0.0",
      "license": "ISC"
    },
    "node_modules/yauzl": {
      "version": "2.10.0",
      "license": "MIT",
      "dependencies": {
        "buffer-crc32": "~0.2.3",
        "fd-slicer": "~1.1.0"
      }
    }
  },
  "dependencies": {
    "@capacitor-community/background-geolocation": {
      "version": "file:..",
      "requires": {
        "@capacitor/android": "^4.0.0",
        "@capacitor/core": "^4.0.0",
        "@capacitor/ios": "^4.0.0"
      },
      "dependencies": {
        "@capacitor/android": {
          "version": "4.0.1",
          "dev": true,
          "requires": {}
        },
        "@capacitor/core": {
          "version": "4.0.1",
          "dev": true,
          "requires": {
            "tslib": "^2.1.0"
          }
        },
        "@capacitor/ios": {
          "version": "4.0.1",
          "dev": true,
          "requires": {}
        },
        "tslib": {
          "version": "2.3.1",
          "dev": true
        }
      }
    },
    "@capacitor/android": {
      "version": "4.0.1",
      "resolved": "https://registry.npmjs.org/@capacitor/android/-/android-4.0.1.tgz",
      "integrity": "sha512-JXToVdVYe4icOcPG8GOIiRoGSu3zQcZW965o2HUxWC0vQF3Xh0/ntbNL/J1Vf7HODyUkiRnozvzDzn6nWoVQEQ==",
      "requires": {}
    },
    "@capacitor/cli": {
      "version": "4.0.1",
      "requires": {
        "@ionic/cli-framework-output": "^2.2.5",
        "@ionic/utils-fs": "^3.1.6",
        "@ionic/utils-subprocess": "^2.1.11",
        "@ionic/utils-terminal": "^2.3.3",
        "commander": "^9.3.0",
        "debug": "^4.3.4",
        "env-paths": "^2.2.0",
        "kleur": "^4.1.4",
        "native-run": "^1.6.0",
        "open": "^8.4.0",
        "plist": "^3.0.5",
        "prompts": "^2.4.2",
        "rimraf": "^3.0.2",
        "semver": "^7.3.7",
        "tar": "^6.1.11",
        "tslib": "^2.4.0",
        "xml2js": "^0.4.23"
      }
    },
    "@capacitor/core": {
      "version": "4.0.1",
      "resolved": "https://registry.npmjs.org/@capacitor/core/-/core-4.0.1.tgz",
      "integrity": "sha512-gita0j7UPoGyHejAUsrW1OrkyDSp7gfHn45fkeQclHRSz7UWLF4hqE1R/6INsVmIFu/amIApxfHed8h3m/Fm7g==",
      "requires": {
        "tslib": "^2.1.0"
      }
    },
    "@capacitor/ios": {
      "version": "4.0.1",
      "resolved": "https://registry.npmjs.org/@capacitor/ios/-/ios-4.0.1.tgz",
      "integrity": "sha512-46qigDiPKHXxihSSjXDIbuF8/1O9xWVgMzJpEFJhhhav+vHy6/SDc2liKLhmqCwH2OzZGxk+IlSGlkc4Oyorkw==",
      "requires": {}
    },
    "@ionic/cli-framework-output": {
      "version": "2.2.5",
      "requires": {
        "@ionic/utils-terminal": "2.3.3",
        "debug": "^4.0.0",
        "tslib": "^2.0.1"
      }
    },
    "@ionic/utils-array": {
      "version": "2.1.5",
      "requires": {
        "debug": "^4.0.0",
        "tslib": "^2.0.1"
      }
    },
    "@ionic/utils-fs": {
      "version": "3.1.6",
      "requires": {
        "@types/fs-extra": "^8.0.0",
        "debug": "^4.0.0",
        "fs-extra": "^9.0.0",
        "tslib": "^2.0.1"
      }
    },
    "@ionic/utils-object": {
      "version": "2.1.5",
      "requires": {
        "debug": "^4.0.0",
        "tslib": "^2.0.1"
      }
    },
    "@ionic/utils-process": {
      "version": "2.1.10",
      "requires": {
        "@ionic/utils-object": "2.1.5",
        "@ionic/utils-terminal": "2.3.3",
        "debug": "^4.0.0",
        "signal-exit": "^3.0.3",
        "tree-kill": "^1.2.2",
        "tslib": "^2.0.1"
      }
    },
    "@ionic/utils-stream": {
      "version": "3.1.5",
      "requires": {
        "debug": "^4.0.0",
        "tslib": "^2.0.1"
      }
    },
    "@ionic/utils-subprocess": {
      "version": "2.1.11",
      "requires": {
        "@ionic/utils-array": "2.1.5",
        "@ionic/utils-fs": "3.1.6",
        "@ionic/utils-process": "2.1.10",
        "@ionic/utils-stream": "3.1.5",
        "@ionic/utils-terminal": "2.3.3",
        "cross-spawn": "^7.0.3",
        "debug": "^4.0.0",
        "tslib": "^2.0.1"
      }
    },
    "@ionic/utils-terminal": {
      "version": "2.3.3",
      "requires": {
        "@types/slice-ansi": "^4.0.0",
        "debug": "^4.0.0",
        "signal-exit": "^3.0.3",
        "slice-ansi": "^4.0.0",
        "string-width": "^4.1.0",
        "strip-ansi": "^6.0.0",
        "tslib": "^2.0.1",
        "untildify": "^4.0.0",
        "wrap-ansi": "^7.0.0"
      }
    },
    "@types/fs-extra": {
      "version": "8.1.2",
      "requires": {
        "@types/node": "*"
      }
    },
    "@types/node": {
      "version": "18.6.4"
    },
    "@types/slice-ansi": {
      "version": "4.0.0"
    },
    "ansi-regex": {
      "version": "5.0.1"
    },
    "ansi-styles": {
      "version": "4.3.0",
      "requires": {
        "color-convert": "^2.0.1"
      }
    },
    "astral-regex": {
      "version": "2.0.0"
    },
    "at-least-node": {
      "version": "1.0.0"
    },
    "balanced-match": {
      "version": "1.0.2"
    },
    "base64-js": {
      "version": "1.5.1"
    },
    "big-integer": {
      "version": "1.6.51"
    },
    "bplist-parser": {
      "version": "0.3.2",
      "requires": {
        "big-integer": "1.6.x"
      }
    },
    "brace-expansion": {
      "version": "1.1.11",
      "requires": {
        "balanced-match": "^1.0.0",
        "concat-map": "0.0.1"
      }
    },
    "buffer-crc32": {
      "version": "0.2.13"
    },
    "chownr": {
      "version": "2.0.0"
    },
    "color-convert": {
      "version": "2.0.1",
      "requires": {
        "color-name": "~1.1.4"
      }
    },
    "color-name": {
      "version": "1.1.4"
    },
    "commander": {
      "version": "9.4.0"
    },
    "concat-map": {
      "version": "0.0.1"
    },
    "cross-spawn": {
      "version": "7.0.3",
      "requires": {
        "path-key": "^3.1.0",
        "shebang-command": "^2.0.0",
        "which": "^2.0.1"
      }
    },
    "debug": {
      "version": "4.3.4",
      "requires": {
        "ms": "2.1.2"
      }
    },
    "define-lazy-prop": {
      "version": "2.0.0"
    },
    "elementtree": {
      "version": "0.1.7",
      "requires": {
        "sax": "1.1.4"
      }
    },
    "emoji-regex": {
      "version": "8.0.0"
    },
    "env-paths": {
      "version": "2.2.1"
    },
    "fd-slicer": {
      "version": "1.1.0",
      "requires": {
        "pend": "~1.2.0"
      }
    },
    "fs-extra": {
      "version": "9.1.0",
      "requires": {
        "at-least-node": "^1.0.0",
        "graceful-fs": "^4.2.0",
        "jsonfile": "^6.0.1",
        "universalify": "^2.0.0"
      }
    },
    "fs-minipass": {
      "version": "2.1.0",
      "requires": {
        "minipass": "^3.0.0"
      }
    },
    "fs.realpath": {
      "version": "1.0.0"
    },
    "glob": {
      "version": "7.2.3",
      "requires": {
        "fs.realpath": "^1.0.0",
        "inflight": "^1.0.4",
        "inherits": "2",
        "minimatch": "^3.1.1",
        "once": "^1.3.0",
        "path-is-absolute": "^1.0.0"
      }
    },
    "graceful-fs": {
      "version": "4.2.10"
    },
    "inflight": {
      "version": "1.0.6",
      "requires": {
        "once": "^1.3.0",
        "wrappy": "1"
      }
    },
    "inherits": {
      "version": "2.0.4"
    },
    "ini": {
      "version": "1.3.8"
    },
    "is-docker": {
      "version": "2.2.1"
    },
    "is-fullwidth-code-point": {
      "version": "3.0.0"
    },
    "is-wsl": {
      "version": "2.2.0",
      "requires": {
        "is-docker": "^2.0.0"
      }
    },
    "isexe": {
      "version": "2.0.0"
    },
    "jsonfile": {
      "version": "6.1.0",
      "requires": {
        "graceful-fs": "^4.1.6",
        "universalify": "^2.0.0"
      }
    },
    "kleur": {
      "version": "4.1.4"
    },
    "lru-cache": {
      "version": "6.0.0",
      "requires": {
        "yallist": "^4.0.0"
      }
    },
    "minimatch": {
      "version": "3.1.2",
      "requires": {
        "brace-expansion": "^1.1.7"
      }
    },
    "minipass": {
      "version": "3.1.5",
      "requires": {
        "yallist": "^4.0.0"
      }
    },
    "minizlib": {
      "version": "2.1.2",
      "requires": {
        "minipass": "^3.0.0",
        "yallist": "^4.0.0"
      }
    },
    "mkdirp": {
      "version": "1.0.4"
    },
    "ms": {
      "version": "2.1.2"
    },
    "native-run": {
      "version": "1.6.0",
      "requires": {
        "@ionic/utils-fs": "^3.1.5",
        "@ionic/utils-terminal": "^2.3.1",
        "bplist-parser": "^0.3.0",
        "debug": "^4.3.2",
        "elementtree": "^0.1.7",
        "ini": "^1.3.5",
        "plist": "^3.0.4",
        "split2": "^3.2.2",
        "through2": "^4.0.2",
        "tslib": "^2.3.1",
        "yauzl": "^2.10.0"
      }
    },
    "once": {
      "version": "1.4.0",
      "requires": {
        "wrappy": "1"
      }
    },
    "open": {
      "version": "8.4.0",
      "requires": {
        "define-lazy-prop": "^2.0.0",
        "is-docker": "^2.1.1",
        "is-wsl": "^2.2.0"
      }
    },
    "path-is-absolute": {
      "version": "1.0.1"
    },
    "path-key": {
      "version": "3.1.1"
    },
    "pend": {
      "version": "1.2.0"
    },
    "plist": {
      "version": "3.0.6",
      "requires": {
        "base64-js": "^1.5.1",
        "xmlbuilder": "^15.1.1"
      }
    },
    "prompts": {
      "version": "2.4.2",
      "requires": {
        "kleur": "^3.0.3",
        "sisteransi": "^1.0.5"
      },
      "dependencies": {
        "kleur": {
          "version": "3.0.3"
        }
      }
    },
    "readable-stream": {
      "version": "3.6.0",
      "requires": {
        "inherits": "^2.0.3",
        "string_decoder": "^1.1.1",
        "util-deprecate": "^1.0.1"
      }
    },
    "rimraf": {
      "version": "3.0.2",
      "requires": {
        "glob": "^7.1.3"
      }
    },
    "safe-buffer": {
      "version": "5.2.1"
    },
    "sax": {
      "version": "1.1.4"
    },
    "semver": {
      "version": "7.3.7",
      "requires": {
        "lru-cache": "^6.0.0"
      }
    },
    "shebang-command": {
      "version": "2.0.0",
      "requires": {
        "shebang-regex": "^3.0.0"
      }
    },
    "shebang-regex": {
      "version": "3.0.0"
    },
    "signal-exit": {
      "version": "3.0.7"
    },
    "sisteransi": {
      "version": "1.0.5"
    },
    "slice-ansi": {
      "version": "4.0.0",
      "requires": {
        "ansi-styles": "^4.0.0",
        "astral-regex": "^2.0.0",
        "is-fullwidth-code-point": "^3.0.0"
      }
    },
    "split2": {
      "version": "3.2.2",
      "requires": {
        "readable-stream": "^3.0.0"
      }
    },
    "string_decoder": {
      "version": "1.3.0",
      "requires": {
        "safe-buffer": "~5.2.0"
      }
    },
    "string-width": {
      "version": "4.2.3",
      "requires": {
        "emoji-regex": "^8.0.0",
        "is-fullwidth-code-point": "^3.0.0",
        "strip-ansi": "^6.0.1"
      }
    },
    "strip-ansi": {
      "version": "6.0.1",
      "requires": {
        "ansi-regex": "^5.0.1"
      }
    },
    "tar": {
      "version": "6.1.11",
      "requires": {
        "chownr": "^2.0.0",
        "fs-minipass": "^2.0.0",
        "minipass": "^3.0.0",
        "minizlib": "^2.1.1",
        "mkdirp": "^1.0.3",
        "yallist": "^4.0.0"
      }
    },
    "through2": {
      "version": "4.0.2",
      "requires": {
        "readable-stream": "3"
      }
    },
    "tree-kill": {
      "version": "1.2.2"
    },
    "tslib": {
      "version": "2.4.0"
    },
    "universalify": {
      "version": "2.0.0"
    },
    "untildify": {
      "version": "4.0.0"
    },
    "util-deprecate": {
      "version": "1.0.2"
    },
    "which": {
      "version": "2.0.2",
      "requires": {
        "isexe": "^2.0.0"
      }
    },
    "wrap-ansi": {
      "version": "7.0.0",
      "requires": {
        "ansi-styles": "^4.0.0",
        "string-width": "^4.1.0",
        "strip-ansi": "^6.0.0"
      }
    },
    "wrappy": {
      "version": "1.0.2"
    },
    "xml2js": {
      "version": "0.4.23",
      "requires": {
        "sax": ">=0.6.0",
        "xmlbuilder": "~11.0.0"
      },
      "dependencies": {
        "xmlbuilder": {
          "version": "11.0.1"
        }
      }
    },
    "xmlbuilder": {
      "version": "15.1.1"
    },
    "yallist": {
      "version": "4.0.0"
    },
    "yauzl": {
      "version": "2.10.0",
      "requires": {
        "buffer-crc32": "~0.2.3",
        "fd-slicer": "~1.1.0"
      }
    }
  }
}
