{
  "name": "@capacitor-community/background-geolocation",
  "version": "1.2.15",
  "lockfileVersion": 2,
  "requires": true,
  "packages": {
    "": {
      "name": "@capacitor-community/background-geolocation",
      "version": "1.2.15",
      "license": "MIT",
      "devDependencies": {
        "@capacitor/android": "^5.0.0",
        "@capacitor/core": "^5.0.0",
        "@capacitor/ios": "^5.0.0"
      },
      "peerDependencies": {
        "@capacitor/core": "^5.0.0"
      }
    },
    "node_modules/@capacitor/android": {
      "version": "5.0.0",
      "resolved": "https://registry.npmjs.org/@capacitor/android/-/android-5.0.0.tgz",
      "integrity": "sha512-jEhx0OW8uypxlW94bXn7Q6YtwBOg3MH49DxH+jSrroRPr8Xb55w3puVSof9O2BQaxOq1mXKTjwz6TOIargGHwQ==",
      "dev": true,
      "peerDependencies": {
        "@capacitor/core": "^5.0.0"
      }
    },
    "node_modules/@capacitor/core": {
      "version": "5.0.0",
      "resolved": "https://registry.npmjs.org/@capacitor/core/-/core-5.0.0.tgz",
      "integrity": "sha512-Fm8jNUPpCBPQVKLEwMt7D+w/7sh1AGiLVpL+D6Xc7iRdrPU/3NI9bgzca3uzDA1SOV8O+tVxk7bjZGXPbiTRAA==",
      "dev": true,
      "dependencies": {
        "tslib": "^2.1.0"
      }
    },
    "node_modules/@capacitor/ios": {
      "version": "5.0.0",
      "resolved": "https://registry.npmjs.org/@capacitor/ios/-/ios-5.0.0.tgz",
      "integrity": "sha512-b1edQNe1cKiqnxoIR5WxbVjDlf3RWr2ZjaDxwEuBzwBAvvrFcweKdbw1ij45DWHKODaIymWoyAlAUN+vFOF5sw==",
      "dev": true,
      "peerDependencies": {
        "@capacitor/core": "^5.0.0"
      }
    },
    "node_modules/tslib": {
      "version": "2.5.0",
      "dev": true,
      "license": "0BSD"
    }
  },
  "dependencies": {
    "@capacitor/android": {
      "version": "5.0.0",
      "resolved": "https://registry.npmjs.org/@capacitor/android/-/android-5.0.0.tgz",
      "integrity": "sha512-jEhx0OW8uypxlW94bXn7Q6YtwBOg3MH49DxH+jSrroRPr8Xb55w3puVSof9O2BQaxOq1mXKTjwz6TOIargGHwQ==",
      "dev": true,
      "requires": {}
    },
    "@capacitor/core": {
      "version": "5.0.0",
      "resolved": "https://registry.npmjs.org/@capacitor/core/-/core-5.0.0.tgz",
      "integrity": "sha512-Fm8jNUPpCBPQVKLEwMt7D+w/7sh1AGiLVpL+D6Xc7iRdrPU/3NI9bgzca3uzDA1SOV8O+tVxk7bjZGXPbiTRAA==",
      "dev": true,
      "requires": {
        "tslib": "^2.1.0"
      }
    },
    "@capacitor/ios": {
      "version": "5.0.0",
      "resolved": "https://registry.npmjs.org/@capacitor/ios/-/ios-5.0.0.tgz",
      "integrity": "sha512-b1edQNe1cKiqnxoIR5WxbVjDlf3RWr2ZjaDxwEuBzwBAvvrFcweKdbw1ij45DWHKODaIymWoyAlAUN+vFOF5sw==",
      "dev": true,
      "requires": {}
    },
    "tslib": {
      "version": "2.5.0",
      "dev": true
    }
  }
}
