{
  "name": "@capacitor-community/background-geolocation",
  "version": "1.2.3",
  "lockfileVersion": 2,
  "requires": true,
  "packages": {
    "": {
      "name": "@capacitor-community/background-geolocation",
      "version": "1.2.3",
      "license": "MIT",
      "devDependencies": {
        "@capacitor/android": "^4.0.0",
        "@capacitor/core": "^4.0.0",
        "@capacitor/ios": "^4.0.0"
      },
      "peerDependencies": {
        "@capacitor/core": ">=3.0.0"
      }
    },
    "node_modules/@capacitor/android": {
      "version": "4.0.1",
      "resolved": "https://registry.npmjs.org/@capacitor/android/-/android-4.0.1.tgz",
      "integrity": "sha512-JXToVdVYe4icOcPG8GOIiRoGSu3zQcZW965o2HUxWC0vQF3Xh0/ntbNL/J1Vf7HODyUkiRnozvzDzn6nWoVQEQ==",
      "dev": true,
      "peerDependencies": {
        "@capacitor/core": "^4.0.0"
      }
    },
    "node_modules/@capacitor/core": {
      "version": "4.0.1",
      "resolved": "https://registry.npmjs.org/@capacitor/core/-/core-4.0.1.tgz",
      "integrity": "sha512-gita0j7UPoGyHejAUsrW1OrkyDSp7gfHn45fkeQclHRSz7UWLF4hqE1R/6INsVmIFu/amIApxfHed8h3m/Fm7g==",
      "dev": true,
      "dependencies": {
        "tslib": "^2.1.0"
      }
    },
    "node_modules/@capacitor/ios": {
      "version": "4.0.1",
      "resolved": "https://registry.npmjs.org/@capacitor/ios/-/ios-4.0.1.tgz",
      "integrity": "sha512-46qigDiPKHXxihSSjXDIbuF8/1O9xWVgMzJpEFJhhhav+vHy6/SDc2liKLhmqCwH2OzZGxk+IlSGlkc4Oyorkw==",
      "dev": true,
      "peerDependencies": {
        "@capacitor/core": "^4.0.0"
      }
    },
    "node_modules/tslib": {
      "version": "2.3.1",
      "resolved": "https://registry.npmjs.org/tslib/-/tslib-2.3.1.tgz",
      "integrity": "sha512-77EbyPPpMz+FRFRuAFlWMtmgUWGe9UOG2Z25NqCwiIjRhOf5iKGuzSe5P2w1laq+FkRy4p+PCuVkJSGkzTEKVw==",
      "dev": true
    }
  },
  "dependencies": {
    "@capacitor/android": {
      "version": "4.0.1",
      "resolved": "https://registry.npmjs.org/@capacitor/android/-/android-4.0.1.tgz",
      "integrity": "sha512-JXToVdVYe4icOcPG8GOIiRoGSu3zQcZW965o2HUxWC0vQF3Xh0/ntbNL/J1Vf7HODyUkiRnozvzDzn6nWoVQEQ==",
      "dev": true,
      "requires": {}
    },
    "@capacitor/core": {
      "version": "4.0.1",
      "resolved": "https://registry.npmjs.org/@capacitor/core/-/core-4.0.1.tgz",
      "integrity": "sha512-gita0j7UPoGyHejAUsrW1OrkyDSp7gfHn45fkeQclHRSz7UWLF4hqE1R/6INsVmIFu/amIApxfHed8h3m/Fm7g==",
      "dev": true,
      "requires": {
        "tslib": "^2.1.0"
      }
    },
    "@capacitor/ios": {
      "version": "4.0.1",
      "resolved": "https://registry.npmjs.org/@capacitor/ios/-/ios-4.0.1.tgz",
      "integrity": "sha512-46qigDiPKHXxihSSjXDIbuF8/1O9xWVgMzJpEFJhhhav+vHy6/SDc2liKLhmqCwH2OzZGxk+IlSGlkc4Oyorkw==",
      "dev": true,
      "requires": {}
    },
    "tslib": {
      "version": "2.3.1",
      "resolved": "https://registry.npmjs.org/tslib/-/tslib-2.3.1.tgz",
      "integrity": "sha512-77EbyPPpMz+FRFRuAFlWMtmgUWGe9UOG2Z25NqCwiIjRhOf5iKGuzSe5P2w1laq+FkRy4p+PCuVkJSGkzTEKVw==",
      "dev": true
    }
  }
}
