{
  "name": "@capacitor-community/background-geolocation",
  "version": "1.0.3",
  "lockfileVersion": 2,
  "requires": true,
  "packages": {
    "": {
      "name": "@capacitor-community/background-geolocation",
      "version": "1.0.3",
      "license": "MIT",
      "devDependencies": {
        "@capacitor/android": "^3.1.1",
        "@capacitor/core": "^3.1.1",
        "@capacitor/ios": "^3.1.1"
      },
      "peerDependencies": {
        "@capacitor/core": "^3.1.1"
      }
    },
    "node_modules/@capacitor/android": {
      "version": "3.2.5",
      "resolved": "https://registry.npmjs.org/@capacitor/android/-/android-3.2.5.tgz",
      "integrity": "sha512-eq9luSS8Bivyp3F46BaUgmPXxMzuUTdZO/bToHIUBu66Ufh4ou/TDg0opMXjuKIYJgjAsddxkPBeREj8KabbSQ==",
      "dev": true,
      "peerDependencies": {
        "@capacitor/core": "^3.2.0"
      }
    },
    "node_modules/@capacitor/core": {
      "version": "3.2.5",
      "resolved": "https://registry.npmjs.org/@capacitor/core/-/core-3.2.5.tgz",
      "integrity": "sha512-sr5ZhbdCUL6FAiyNEDpSKDEzjHCOsCA5R32inRergcPFRpOArsQi/NfhoMLHaZwZ78HAn9bfFV7JkoSr46NDDw==",
      "dev": true,
      "dependencies": {
        "tslib": "^2.1.0"
      }
    },
    "node_modules/@capacitor/ios": {
      "version": "3.2.5",
      "resolved": "https://registry.npmjs.org/@capacitor/ios/-/ios-3.2.5.tgz",
      "integrity": "sha512-z3GU07Dz3SJIfdxk4JaLXDZcWWb4LcvjMz7RzOmN13WOWETWWWUnJJdG14QJewjvXPEBZ/XY7MohClWsgjToEw==",
      "dev": true,
      "peerDependencies": {
        "@capacitor/core": "^3.2.0"
      }
    },
    "node_modules/tslib": {
      "version": "2.3.1",
      "resolved": "https://registry.npmjs.org/tslib/-/tslib-2.3.1.tgz",
      "integrity": "sha512-77EbyPPpMz+FRFRuAFlWMtmgUWGe9UOG2Z25NqCwiIjRhOf5iKGuzSe5P2w1laq+FkRy4p+PCuVkJSGkzTEKVw==",
      "dev": true
    }
  },
  "dependencies": {
    "@capacitor/android": {
      "version": "3.2.5",
      "resolved": "https://registry.npmjs.org/@capacitor/android/-/android-3.2.5.tgz",
      "integrity": "sha512-eq9luSS8Bivyp3F46BaUgmPXxMzuUTdZO/bToHIUBu66Ufh4ou/TDg0opMXjuKIYJgjAsddxkPBeREj8KabbSQ==",
      "dev": true,
      "requires": {}
    },
    "@capacitor/core": {
      "version": "3.2.5",
      "resolved": "https://registry.npmjs.org/@capacitor/core/-/core-3.2.5.tgz",
      "integrity": "sha512-sr5ZhbdCUL6FAiyNEDpSKDEzjHCOsCA5R32inRergcPFRpOArsQi/NfhoMLHaZwZ78HAn9bfFV7JkoSr46NDDw==",
      "dev": true,
      "requires": {
        "tslib": "^2.1.0"
      }
    },
    "@capacitor/ios": {
      "version": "3.2.5",
      "resolved": "https://registry.npmjs.org/@capacitor/ios/-/ios-3.2.5.tgz",
      "integrity": "sha512-z3GU07Dz3SJIfdxk4JaLXDZcWWb4LcvjMz7RzOmN13WOWETWWWUnJJdG14QJewjvXPEBZ/XY7MohClWsgjToEw==",
      "dev": true,
      "requires": {}
    },
    "tslib": {
      "version": "2.3.1",
      "resolved": "https://registry.npmjs.org/tslib/-/tslib-2.3.1.tgz",
      "integrity": "sha512-77EbyPPpMz+FRFRuAFlWMtmgUWGe9UOG2Z25NqCwiIjRhOf5iKGuzSe5P2w1laq+FkRy4p+PCuVkJSGkzTEKVw==",
      "dev": true
    }
  }
}
