PODS:
  - Capacitor (6.0.0-rc.0):
    - CapacitorCordova
  - CapacitorCommunityBackgroundGeolocation (0.0.1):
    - Capacitor
  - CapacitorCordova (6.0.0-rc.0)
  - CapacitorLocalNotifications (6.0.0-rc.0):
    - Capacitor

DEPENDENCIES:
  - "Capacitor (from `../../node_modules/@capacitor/ios`)"
  - CapacitorCommunityBackgroundGeolocation (from `../../..`)
  - "CapacitorCordova (from `../../node_modules/@capacitor/ios`)"
  - "CapacitorLocalNotifications (from `../../node_modules/@capacitor/local-notifications`)"

EXTERNAL SOURCES:
  Capacitor:
    :path: "../../node_modules/@capacitor/ios"
  CapacitorCommunityBackgroundGeolocation:
    :path: "../../.."
  CapacitorCordova:
    :path: "../../node_modules/@capacitor/ios"
  CapacitorLocalNotifications:
    :path: "../../node_modules/@capacitor/local-notifications"

SPEC CHECKSUMS:
  Capacitor: c5b8b4e73032b078db259f1bbe71afd09fd84250
  CapacitorCommunityBackgroundGeolocation: 6f26f4290377dbd1d6dec21e62cb66f008f61ec7
  CapacitorCordova: e8930c71b1bf90e793253f3057b3354a88ed83b3
  CapacitorLocalNotifications: e267b31e5b234f394ce24b0e57b97dc2fdb991f2

PODFILE CHECKSUM: 91fad73239f424f030a191084b1b7ef273b23382

COCOAPODS: 1.12.0
